<?xml version="1.0" encoding="UTF-8"?>
<Scheme
   LastUpgradeVersion = "0640"
   version = "1.3">
   <BuildAction
      parallelizeBuildables = "YES"
      buildImplicitDependencies = "YES">
      <BuildActionEntries>
         <BuildActionEntry
            buildForTesting = "YES"
            buildForRunning = "YES"
            buildForProfiling = "YES"
            buildForArchiving = "YES"
            buildForAnalyzing = "YES">
            <BuildableReference
               BuildableIdentifier = "primary"
               BlueprintIdentifier = "A3DD25831B7386C9007A2E5A"
               BuildableName = "&#x516d;&#x4f4d;&#x652f;&#x4ed8;&#x5bc6;&#x7801;&#x5f39;&#x6846;.app"
               BlueprintName = "&#x516d;&#x4f4d;&#x652f;&#x4ed8;&#x5bc6;&#x7801;&#x5f39;&#x6846;"
               ReferencedContainer = "container:&#x516d;&#x4f4d;&#x652f;&#x4ed8;&#x5bc6;&#x7801;&#x5f39;&#x6846;.xcodeproj">
            </BuildableReference>
         </BuildActionEntry>
         <BuildActionEntry
            buildForTesting = "YES"
            buildForRunning = "YES"
            buildForProfiling = "NO"
            buildForArchiving = "NO"
            buildForAnalyzing = "YES">
            <BuildableReference
               BuildableIdentifier = "primary"
               BlueprintIdentifier = "A3DD259C1B7386C9007A2E5A"
               BuildableName = "&#x516d;&#x4f4d;&#x652f;&#x4ed8;&#x5bc6;&#x7801;&#x5f39;&#x6846;Tests.xctest"
               BlueprintName = "&#x516d;&#x4f4d;&#x652f;&#x4ed8;&#x5bc6;&#x7801;&#x5f39;&#x6846;Tests"
               ReferencedContainer = "container:&#x516d;&#x4f4d;&#x652f;&#x4ed8;&#x5bc6;&#x7801;&#x5f39;&#x6846;.xcodeproj">
            </BuildableReference>
         </BuildActionEntry>
      </BuildActionEntries>
   </BuildAction>
   <TestAction
      selectedDebuggerIdentifier = "Xcode.DebuggerFoundation.Debugger.LLDB"
      selectedLauncherIdentifier = "Xcode.DebuggerFoundation.Launcher.LLDB"
      shouldUseLaunchSchemeArgsEnv = "YES"
      buildConfiguration = "Debug">
      <Testables>
         <TestableReference
            skipped = "NO">
            <BuildableReference
               BuildableIdentifier = "primary"
               BlueprintIdentifier = "A3DD259C1B7386C9007A2E5A"
               BuildableName = "&#x516d;&#x4f4d;&#x652f;&#x4ed8;&#x5bc6;&#x7801;&#x5f39;&#x6846;Tests.xctest"
               BlueprintName = "&#x516d;&#x4f4d;&#x652f;&#x4ed8;&#x5bc6;&#x7801;&#x5f39;&#x6846;Tests"
               ReferencedContainer = "container:&#x516d;&#x4f4d;&#x652f;&#x4ed8;&#x5bc6;&#x7801;&#x5f39;&#x6846;.xcodeproj">
            </BuildableReference>
         </TestableReference>
      </Testables>
      <MacroExpansion>
         <BuildableReference
            BuildableIdentifier = "primary"
            BlueprintIdentifier = "A3DD25831B7386C9007A2E5A"
            BuildableName = "&#x516d;&#x4f4d;&#x652f;&#x4ed8;&#x5bc6;&#x7801;&#x5f39;&#x6846;.app"
            BlueprintName = "&#x516d;&#x4f4d;&#x652f;&#x4ed8;&#x5bc6;&#x7801;&#x5f39;&#x6846;"
            ReferencedContainer = "container:&#x516d;&#x4f4d;&#x652f;&#x4ed8;&#x5bc6;&#x7801;&#x5f39;&#x6846;.xcodeproj">
         </BuildableReference>
      </MacroExpansion>
   </TestAction>
   <LaunchAction
      selectedDebuggerIdentifier = "Xcode.DebuggerFoundation.Debugger.LLDB"
      selectedLauncherIdentifier = "Xcode.DebuggerFoundation.Launcher.LLDB"
      launchStyle = "0"
      useCustomWorkingDirectory = "NO"
      buildConfiguration = "Debug"
      ignoresPersistentStateOnLaunch = "NO"
      debugDocumentVersioning = "YES"
      allowLocationSimulation = "YES">
      <BuildableProductRunnable
         runnableDebuggingMode = "0">
         <BuildableReference
            BuildableIdentifier = "primary"
            BlueprintIdentifier = "A3DD25831B7386C9007A2E5A"
            BuildableName = "&#x516d;&#x4f4d;&#x652f;&#x4ed8;&#x5bc6;&#x7801;&#x5f39;&#x6846;.app"
            BlueprintName = "&#x516d;&#x4f4d;&#x652f;&#x4ed8;&#x5bc6;&#x7801;&#x5f39;&#x6846;"
            ReferencedContainer = "container:&#x516d;&#x4f4d;&#x652f;&#x4ed8;&#x5bc6;&#x7801;&#x5f39;&#x6846;.xcodeproj">
         </BuildableReference>
      </BuildableProductRunnable>
      <AdditionalOptions>
      </AdditionalOptions>
   </LaunchAction>
   <ProfileAction
      shouldUseLaunchSchemeArgsEnv = "YES"
      savedToolIdentifier = ""
      useCustomWorkingDirectory = "NO"
      buildConfiguration = "Release"
      debugDocumentVersioning = "YES">
      <BuildableProductRunnable
         runnableDebuggingMode = "0">
         <BuildableReference
            BuildableIdentifier = "primary"
            BlueprintIdentifier = "A3DD25831B7386C9007A2E5A"
            BuildableName = "&#x516d;&#x4f4d;&#x652f;&#x4ed8;&#x5bc6;&#x7801;&#x5f39;&#x6846;.app"
            BlueprintName = "&#x516d;&#x4f4d;&#x652f;&#x4ed8;&#x5bc6;&#x7801;&#x5f39;&#x6846;"
            ReferencedContainer = "container:&#x516d;&#x4f4d;&#x652f;&#x4ed8;&#x5bc6;&#x7801;&#x5f39;&#x6846;.xcodeproj">
         </BuildableReference>
      </BuildableProductRunnable>
   </ProfileAction>
   <AnalyzeAction
      buildConfiguration = "Debug">
   </AnalyzeAction>
   <ArchiveAction
      buildConfiguration = "Release"
      revealArchiveInOrganizer = "YES">
   </ArchiveAction>
</Scheme>
