// !$*UTF8*$!
{
	archiveVersion = 1;
	classes = {
	};
	objectVersion = 46;
	objects = {

/* Begin PBXBuildFile section */
		A3DD258A1B7386C9007A2E5A /* main.m in Sources */ = {isa = PBXBuildFile; fileRef = A3DD25891B7386C9007A2E5A /* main.m */; };
		A3DD258D1B7386C9007A2E5A /* AppDelegate.m in Sources */ = {isa = PBXBuildFile; fileRef = A3DD258C1B7386C9007A2E5A /* AppDelegate.m */; };
		A3DD25901B7386C9007A2E5A /* ViewController.m in Sources */ = {isa = PBXBuildFile; fileRef = A3DD258F1B7386C9007A2E5A /* ViewController.m */; };
		A3DD25931B7386C9007A2E5A /* Main.storyboard in Resources */ = {isa = PBXBuildFile; fileRef = A3DD25911B7386C9007A2E5A /* Main.storyboard */; };
		A3DD25951B7386C9007A2E5A /* Images.xcassets in Resources */ = {isa = PBXBuildFile; fileRef = A3DD25941B7386C9007A2E5A /* Images.xcassets */; };
		A3DD25981B7386C9007A2E5A /* LaunchScreen.xib in Resources */ = {isa = PBXBuildFile; fileRef = A3DD25961B7386C9007A2E5A /* LaunchScreen.xib */; };
		A3DD25A41B7386C9007A2E5A /* ________Tests.m in Sources */ = {isa = PBXBuildFile; fileRef = A3DD25A31B7386C9007A2E5A /* ________Tests.m */; };
/* End PBXBuildFile section */

/* Begin PBXContainerItemProxy section */
		A3DD259E1B7386C9007A2E5A /* PBXContainerItemProxy */ = {
			isa = PBXContainerItemProxy;
			containerPortal = A3DD257C1B7386C9007A2E5A /* Project object */;
			proxyType = 1;
			remoteGlobalIDString = A3DD25831B7386C9007A2E5A;
			remoteInfo = "六位支付密码弹框";
		};
/* End PBXContainerItemProxy section */

/* Begin PBXFileReference section */
		A3DD25841B7386C9007A2E5A /* 六位支付密码弹框.app */ = {isa = PBXFileReference; explicitFileType = wrapper.application; includeInIndex = 0; path = "六位支付密码弹框.app"; sourceTree = BUILT_PRODUCTS_DIR; };
		A3DD25881B7386C9007A2E5A /* Info.plist */ = {isa = PBXFileReference; lastKnownFileType = text.plist.xml; path = Info.plist; sourceTree = "<group>"; };
		A3DD25891B7386C9007A2E5A /* main.m */ = {isa = PBXFileReference; lastKnownFileType = sourcecode.c.objc; path = main.m; sourceTree = "<group>"; };
		A3DD258B1B7386C9007A2E5A /* AppDelegate.h */ = {isa = PBXFileReference; lastKnownFileType = sourcecode.c.h; path = AppDelegate.h; sourceTree = "<group>"; };
		A3DD258C1B7386C9007A2E5A /* AppDelegate.m */ = {isa = PBXFileReference; lastKnownFileType = sourcecode.c.objc; path = AppDelegate.m; sourceTree = "<group>"; };
		A3DD258E1B7386C9007A2E5A /* ViewController.h */ = {isa = PBXFileReference; lastKnownFileType = sourcecode.c.h; path = ViewController.h; sourceTree = "<group>"; };
		A3DD258F1B7386C9007A2E5A /* ViewController.m */ = {isa = PBXFileReference; lastKnownFileType = sourcecode.c.objc; path = ViewController.m; sourceTree = "<group>"; };
		A3DD25921B7386C9007A2E5A /* Base */ = {isa = PBXFileReference; lastKnownFileType = file.storyboard; name = Base; path = Base.lproj/Main.storyboard; sourceTree = "<group>"; };
		A3DD25941B7386C9007A2E5A /* Images.xcassets */ = {isa = PBXFileReference; lastKnownFileType = folder.assetcatalog; path = Images.xcassets; sourceTree = "<group>"; };
		A3DD25971B7386C9007A2E5A /* Base */ = {isa = PBXFileReference; lastKnownFileType = file.xib; name = Base; path = Base.lproj/LaunchScreen.xib; sourceTree = "<group>"; };
		A3DD259D1B7386C9007A2E5A /* 六位支付密码弹框Tests.xctest */ = {isa = PBXFileReference; explicitFileType = wrapper.cfbundle; includeInIndex = 0; path = "六位支付密码弹框Tests.xctest"; sourceTree = BUILT_PRODUCTS_DIR; };
		A3DD25A21B7386C9007A2E5A /* Info.plist */ = {isa = PBXFileReference; lastKnownFileType = text.plist.xml; path = Info.plist; sourceTree = "<group>"; };
		A3DD25A31B7386C9007A2E5A /* ________Tests.m */ = {isa = PBXFileReference; lastKnownFileType = sourcecode.c.objc; path = "________Tests.m"; sourceTree = "<group>"; };
/* End PBXFileReference section */

/* Begin PBXFrameworksBuildPhase section */
		A3DD25811B7386C9007A2E5A /* Frameworks */ = {
			isa = PBXFrameworksBuildPhase;
			buildActionMask = 2147483647;
			files = (
			);
			runOnlyForDeploymentPostprocessing = 0;
		};
		A3DD259A1B7386C9007A2E5A /* Frameworks */ = {
			isa = PBXFrameworksBuildPhase;
			buildActionMask = 2147483647;
			files = (
			);
			runOnlyForDeploymentPostprocessing = 0;
		};
/* End PBXFrameworksBuildPhase section */

/* Begin PBXGroup section */
		A3DD257B1B7386C9007A2E5A = {
			isa = PBXGroup;
			children = (
				A3DD25861B7386C9007A2E5A /* 六位支付密码弹框 */,
				A3DD25A01B7386C9007A2E5A /* 六位支付密码弹框Tests */,
				A3DD25851B7386C9007A2E5A /* Products */,
			);
			sourceTree = "<group>";
		};
		A3DD25851B7386C9007A2E5A /* Products */ = {
			isa = PBXGroup;
			children = (
				A3DD25841B7386C9007A2E5A /* 六位支付密码弹框.app */,
				A3DD259D1B7386C9007A2E5A /* 六位支付密码弹框Tests.xctest */,
			);
			name = Products;
			sourceTree = "<group>";
		};
		A3DD25861B7386C9007A2E5A /* 六位支付密码弹框 */ = {
			isa = PBXGroup;
			children = (
				A3DD258B1B7386C9007A2E5A /* AppDelegate.h */,
				A3DD258C1B7386C9007A2E5A /* AppDelegate.m */,
				A3DD258E1B7386C9007A2E5A /* ViewController.h */,
				A3DD258F1B7386C9007A2E5A /* ViewController.m */,
				A3DD25911B7386C9007A2E5A /* Main.storyboard */,
				A3DD25941B7386C9007A2E5A /* Images.xcassets */,
				A3DD25961B7386C9007A2E5A /* LaunchScreen.xib */,
				A3DD25871B7386C9007A2E5A /* Supporting Files */,
			);
			path = "六位支付密码弹框";
			sourceTree = "<group>";
		};
		A3DD25871B7386C9007A2E5A /* Supporting Files */ = {
			isa = PBXGroup;
			children = (
				A3DD25881B7386C9007A2E5A /* Info.plist */,
				A3DD25891B7386C9007A2E5A /* main.m */,
			);
			name = "Supporting Files";
			sourceTree = "<group>";
		};
		A3DD25A01B7386C9007A2E5A /* 六位支付密码弹框Tests */ = {
			isa = PBXGroup;
			children = (
				A3DD25A31B7386C9007A2E5A /* ________Tests.m */,
				A3DD25A11B7386C9007A2E5A /* Supporting Files */,
			);
			path = "六位支付密码弹框Tests";
			sourceTree = "<group>";
		};
		A3DD25A11B7386C9007A2E5A /* Supporting Files */ = {
			isa = PBXGroup;
			children = (
				A3DD25A21B7386C9007A2E5A /* Info.plist */,
			);
			name = "Supporting Files";
			sourceTree = "<group>";
		};
/* End PBXGroup section */

/* Begin PBXNativeTarget section */
		A3DD25831B7386C9007A2E5A /* 六位支付密码弹框 */ = {
			isa = PBXNativeTarget;
			buildConfigurationList = A3DD25A71B7386C9007A2E5A /* Build configuration list for PBXNativeTarget "六位支付密码弹框" */;
			buildPhases = (
				A3DD25801B7386C9007A2E5A /* Sources */,
				A3DD25811B7386C9007A2E5A /* Frameworks */,
				A3DD25821B7386C9007A2E5A /* Resources */,
			);
			buildRules = (
			);
			dependencies = (
			);
			name = "六位支付密码弹框";
			productName = "六位支付密码弹框";
			productReference = A3DD25841B7386C9007A2E5A /* 六位支付密码弹框.app */;
			productType = "com.apple.product-type.application";
		};
		A3DD259C1B7386C9007A2E5A /* 六位支付密码弹框Tests */ = {
			isa = PBXNativeTarget;
			buildConfigurationList = A3DD25AA1B7386C9007A2E5A /* Build configuration list for PBXNativeTarget "六位支付密码弹框Tests" */;
			buildPhases = (
				A3DD25991B7386C9007A2E5A /* Sources */,
				A3DD259A1B7386C9007A2E5A /* Frameworks */,
				A3DD259B1B7386C9007A2E5A /* Resources */,
			);
			buildRules = (
			);
			dependencies = (
				A3DD259F1B7386C9007A2E5A /* PBXTargetDependency */,
			);
			name = "六位支付密码弹框Tests";
			productName = "六位支付密码弹框Tests";
			productReference = A3DD259D1B7386C9007A2E5A /* 六位支付密码弹框Tests.xctest */;
			productType = "com.apple.product-type.bundle.unit-test";
		};
/* End PBXNativeTarget section */

/* Begin PBXProject section */
		A3DD257C1B7386C9007A2E5A /* Project object */ = {
			isa = PBXProject;
			attributes = {
				LastUpgradeCheck = 0640;
				ORGANIZATIONNAME = "任玉飞";
				TargetAttributes = {
					A3DD25831B7386C9007A2E5A = {
						CreatedOnToolsVersion = 6.4;
					};
					A3DD259C1B7386C9007A2E5A = {
						CreatedOnToolsVersion = 6.4;
						TestTargetID = A3DD25831B7386C9007A2E5A;
					};
				};
			};
			buildConfigurationList = A3DD257F1B7386C9007A2E5A /* Build configuration list for PBXProject "六位支付密码弹框" */;
			compatibilityVersion = "Xcode 3.2";
			developmentRegion = English;
			hasScannedForEncodings = 0;
			knownRegions = (
				en,
				Base,
			);
			mainGroup = A3DD257B1B7386C9007A2E5A;
			productRefGroup = A3DD25851B7386C9007A2E5A /* Products */;
			projectDirPath = "";
			projectRoot = "";
			targets = (
				A3DD25831B7386C9007A2E5A /* 六位支付密码弹框 */,
				A3DD259C1B7386C9007A2E5A /* 六位支付密码弹框Tests */,
			);
		};
/* End PBXProject section */

/* Begin PBXResourcesBuildPhase section */
		A3DD25821B7386C9007A2E5A /* Resources */ = {
			isa = PBXResourcesBuildPhase;
			buildActionMask = 2147483647;
			files = (
				A3DD25931B7386C9007A2E5A /* Main.storyboard in Resources */,
				A3DD25981B7386C9007A2E5A /* LaunchScreen.xib in Resources */,
				A3DD25951B7386C9007A2E5A /* Images.xcassets in Resources */,
			);
			runOnlyForDeploymentPostprocessing = 0;
		};
		A3DD259B1B7386C9007A2E5A /* Resources */ = {
			isa = PBXResourcesBuildPhase;
			buildActionMask = 2147483647;
			files = (
			);
			runOnlyForDeploymentPostprocessing = 0;
		};
/* End PBXResourcesBuildPhase section */

/* Begin PBXSourcesBuildPhase section */
		A3DD25801B7386C9007A2E5A /* Sources */ = {
			isa = PBXSourcesBuildPhase;
			buildActionMask = 2147483647;
			files = (
				A3DD25901B7386C9007A2E5A /* ViewController.m in Sources */,
				A3DD258D1B7386C9007A2E5A /* AppDelegate.m in Sources */,
				A3DD258A1B7386C9007A2E5A /* main.m in Sources */,
			);
			runOnlyForDeploymentPostprocessing = 0;
		};
		A3DD25991B7386C9007A2E5A /* Sources */ = {
			isa = PBXSourcesBuildPhase;
			buildActionMask = 2147483647;
			files = (
				A3DD25A41B7386C9007A2E5A /* ________Tests.m in Sources */,
			);
			runOnlyForDeploymentPostprocessing = 0;
		};
/* End PBXSourcesBuildPhase section */

/* Begin PBXTargetDependency section */
		A3DD259F1B7386C9007A2E5A /* PBXTargetDependency */ = {
			isa = PBXTargetDependency;
			target = A3DD25831B7386C9007A2E5A /* 六位支付密码弹框 */;
			targetProxy = A3DD259E1B7386C9007A2E5A /* PBXContainerItemProxy */;
		};
/* End PBXTargetDependency section */

/* Begin PBXVariantGroup section */
		A3DD25911B7386C9007A2E5A /* Main.storyboard */ = {
			isa = PBXVariantGroup;
			children = (
				A3DD25921B7386C9007A2E5A /* Base */,
			);
			name = Main.storyboard;
			sourceTree = "<group>";
		};
		A3DD25961B7386C9007A2E5A /* LaunchScreen.xib */ = {
			isa = PBXVariantGroup;
			children = (
				A3DD25971B7386C9007A2E5A /* Base */,
			);
			name = LaunchScreen.xib;
			sourceTree = "<group>";
		};
/* End PBXVariantGroup section */

/* Begin XCBuildConfiguration section */
		A3DD25A51B7386C9007A2E5A /* Debug */ = {
			isa = XCBuildConfiguration;
			buildSettings = {
				ALWAYS_SEARCH_USER_PATHS = NO;
				CLANG_CXX_LANGUAGE_STANDARD = "gnu++0x";
				CLANG_CXX_LIBRARY = "libc++";
				CLANG_ENABLE_MODULES = YES;
				CLANG_ENABLE_OBJC_ARC = YES;
				CLANG_WARN_BOOL_CONVERSION = YES;
				CLANG_WARN_CONSTANT_CONVERSION = YES;
				CLANG_WARN_DIRECT_OBJC_ISA_USAGE = YES_ERROR;
				CLANG_WARN_EMPTY_BODY = YES;
				CLANG_WARN_ENUM_CONVERSION = YES;
				CLANG_WARN_INT_CONVERSION = YES;
				CLANG_WARN_OBJC_ROOT_CLASS = YES_ERROR;
				CLANG_WARN_UNREACHABLE_CODE = YES;
				CLANG_WARN__DUPLICATE_METHOD_MATCH = YES;
				"CODE_SIGN_IDENTITY[sdk=iphoneos*]" = "iPhone Developer";
				COPY_PHASE_STRIP = NO;
				DEBUG_INFORMATION_FORMAT = "dwarf-with-dsym";
				ENABLE_STRICT_OBJC_MSGSEND = YES;
				GCC_C_LANGUAGE_STANDARD = gnu99;
				GCC_DYNAMIC_NO_PIC = NO;
				GCC_NO_COMMON_BLOCKS = YES;
				GCC_OPTIMIZATION_LEVEL = 0;
				GCC_PREPROCESSOR_DEFINITIONS = (
					"DEBUG=1",
					"$(inherited)",
				);
				GCC_SYMBOLS_PRIVATE_EXTERN = NO;
				GCC_WARN_64_TO_32_BIT_CONVERSION = YES;
				GCC_WARN_ABOUT_RETURN_TYPE = YES_ERROR;
				GCC_WARN_UNDECLARED_SELECTOR = YES;
				GCC_WARN_UNINITIALIZED_AUTOS = YES_AGGRESSIVE;
				GCC_WARN_UNUSED_FUNCTION = YES;
				GCC_WARN_UNUSED_VARIABLE = YES;
				IPHONEOS_DEPLOYMENT_TARGET = 8.4;
				MTL_ENABLE_DEBUG_INFO = YES;
				ONLY_ACTIVE_ARCH = YES;
				SDKROOT = iphoneos;
			};
			name = Debug;
		};
		A3DD25A61B7386C9007A2E5A /* Release */ = {
			isa = XCBuildConfiguration;
			buildSettings = {
				ALWAYS_SEARCH_USER_PATHS = NO;
				CLANG_CXX_LANGUAGE_STANDARD = "gnu++0x";
				CLANG_CXX_LIBRARY = "libc++";
				CLANG_ENABLE_MODULES = YES;
				CLANG_ENABLE_OBJC_ARC = YES;
				CLANG_WARN_BOOL_CONVERSION = YES;
				CLANG_WARN_CONSTANT_CONVERSION = YES;
				CLANG_WARN_DIRECT_OBJC_ISA_USAGE = YES_ERROR;
				CLANG_WARN_EMPTY_BODY = YES;
				CLANG_WARN_ENUM_CONVERSION = YES;
				CLANG_WARN_INT_CONVERSION = YES;
				CLANG_WARN_OBJC_ROOT_CLASS = YES_ERROR;
				CLANG_WARN_UNREACHABLE_CODE = YES;
				CLANG_WARN__DUPLICATE_METHOD_MATCH = YES;
				"CODE_SIGN_IDENTITY[sdk=iphoneos*]" = "iPhone Developer";
				COPY_PHASE_STRIP = NO;
				DEBUG_INFORMATION_FORMAT = "dwarf-with-dsym";
				ENABLE_NS_ASSERTIONS = NO;
				ENABLE_STRICT_OBJC_MSGSEND = YES;
				GCC_C_LANGUAGE_STANDARD = gnu99;
				GCC_NO_COMMON_BLOCKS = YES;
				GCC_WARN_64_TO_32_BIT_CONVERSION = YES;
				GCC_WARN_ABOUT_RETURN_TYPE = YES_ERROR;
				GCC_WARN_UNDECLARED_SELECTOR = YES;
				GCC_WARN_UNINITIALIZED_AUTOS = YES_AGGRESSIVE;
				GCC_WARN_UNUSED_FUNCTION = YES;
				GCC_WARN_UNUSED_VARIABLE = YES;
				IPHONEOS_DEPLOYMENT_TARGET = 8.4;
				MTL_ENABLE_DEBUG_INFO = NO;
				SDKROOT = iphoneos;
				VALIDATE_PRODUCT = YES;
			};
			name = Release;
		};
		A3DD25A81B7386C9007A2E5A /* Debug */ = {
			isa = XCBuildConfiguration;
			buildSettings = {
				ASSETCATALOG_COMPILER_APPICON_NAME = AppIcon;
				INFOPLIST_FILE = "六位支付密码弹框/Info.plist";
				LD_RUNPATH_SEARCH_PATHS = "$(inherited) @executable_path/Frameworks";
				PRODUCT_NAME = "$(TARGET_NAME)";
			};
			name = Debug;
		};
		A3DD25A91B7386C9007A2E5A /* Release */ = {
			isa = XCBuildConfiguration;
			buildSettings = {
				ASSETCATALOG_COMPILER_APPICON_NAME = AppIcon;
				INFOPLIST_FILE = "六位支付密码弹框/Info.plist";
				LD_RUNPATH_SEARCH_PATHS = "$(inherited) @executable_path/Frameworks";
				PRODUCT_NAME = "$(TARGET_NAME)";
			};
			name = Release;
		};
		A3DD25AB1B7386C9007A2E5A /* Debug */ = {
			isa = XCBuildConfiguration;
			buildSettings = {
				BUNDLE_LOADER = "$(TEST_HOST)";
				FRAMEWORK_SEARCH_PATHS = (
					"$(SDKROOT)/Developer/Library/Frameworks",
					"$(inherited)",
				);
				GCC_PREPROCESSOR_DEFINITIONS = (
					"DEBUG=1",
					"$(inherited)",
				);
				INFOPLIST_FILE = "六位支付密码弹框Tests/Info.plist";
				LD_RUNPATH_SEARCH_PATHS = "$(inherited) @executable_path/Frameworks @loader_path/Frameworks";
				PRODUCT_NAME = "$(TARGET_NAME)";
				TEST_HOST = "$(BUILT_PRODUCTS_DIR)/六位支付密码弹框.app/六位支付密码弹框";
			};
			name = Debug;
		};
		A3DD25AC1B7386C9007A2E5A /* Release */ = {
			isa = XCBuildConfiguration;
			buildSettings = {
				BUNDLE_LOADER = "$(TEST_HOST)";
				FRAMEWORK_SEARCH_PATHS = (
					"$(SDKROOT)/Developer/Library/Frameworks",
					"$(inherited)",
				);
				INFOPLIST_FILE = "六位支付密码弹框Tests/Info.plist";
				LD_RUNPATH_SEARCH_PATHS = "$(inherited) @executable_path/Frameworks @loader_path/Frameworks";
				PRODUCT_NAME = "$(TARGET_NAME)";
				TEST_HOST = "$(BUILT_PRODUCTS_DIR)/六位支付密码弹框.app/六位支付密码弹框";
			};
			name = Release;
		};
/* End XCBuildConfiguration section */

/* Begin XCConfigurationList section */
		A3DD257F1B7386C9007A2E5A /* Build configuration list for PBXProject "六位支付密码弹框" */ = {
			isa = XCConfigurationList;
			buildConfigurations = (
				A3DD25A51B7386C9007A2E5A /* Debug */,
				A3DD25A61B7386C9007A2E5A /* Release */,
			);
			defaultConfigurationIsVisible = 0;
			defaultConfigurationName = Release;
		};
		A3DD25A71B7386C9007A2E5A /* Build configuration list for PBXNativeTarget "六位支付密码弹框" */ = {
			isa = XCConfigurationList;
			buildConfigurations = (
				A3DD25A81B7386C9007A2E5A /* Debug */,
				A3DD25A91B7386C9007A2E5A /* Release */,
			);
			defaultConfigurationIsVisible = 0;
		};
		A3DD25AA1B7386C9007A2E5A /* Build configuration list for PBXNativeTarget "六位支付密码弹框Tests" */ = {
			isa = XCConfigurationList;
			buildConfigurations = (
				A3DD25AB1B7386C9007A2E5A /* Debug */,
				A3DD25AC1B7386C9007A2E5A /* Release */,
			);
			defaultConfigurationIsVisible = 0;
		};
/* End XCConfigurationList section */
	};
	rootObject = A3DD257C1B7386C9007A2E5A /* Project object */;
}
